# This file is autogenerated, do not edit; changes may be undone by the next 'dep ensure'.


[[projects]]
  branch = "master"
  name = "github.com/gopherjs/gopherjs"
  packages = ["js"]
  revision = "296de816d4fe28b61803072c3f89360e9d1823ff"

[[projects]]
  branch = "master"
  name = "github.com/oov/psd"
  packages = [".","color"]
  revision = "cd665f5f2eb75cd1d1613febb1e4c3e3feb27831"

[solve-meta]
  analyzer-name = "dep"
  analyzer-version = 1
  inputs-digest = "c34bba606b99b5f94173e9e76f1b30795580fbda64a6aca4a642c0f87ae104b0"
  solver-name = "gps-cdcl"
  solver-version = 1
